
Microsoft Visual Studio Solution File, Format Version 12.00
# Visual Studio Version 17
VisualStudioVersion = 17.8.34601.278
MinimumVisualStudioVersion = 10.0.40219.1
Project("{FAE04EC0-301F-11D3-BF4B-00C04F79EFBC}") = "BenchDeploy", "BenchDeploy\BenchDeploy.csproj", "{BF56C26B-BEF6-4950-B58A-81231F40A7F1}"
EndProject
Global
	GlobalSection(SolutionConfigurationPlatforms) = preSolution
		Debug|Any CPU = Debug|Any CPU
		Release|Any CPU = Release|Any CPU
	EndGlobalSection
	GlobalSection(ProjectConfigurationPlatforms) = postSolution
		{BF56C26B-BEF6-4950-B58A-81231F40A7F1}.Debug|Any CPU.ActiveCfg = Debug|Any CPU
		{BF56C26B-BEF6-4950-B58A-81231F40A7F1}.Debug|Any CPU.Build.0 = Debug|Any CPU
		{BF56C26B-BEF6-4950-B58A-81231F40A7F1}.Release|Any CPU.ActiveCfg = Release|Any CPU
		{BF56C26B-BEF6-4950-B58A-81231F40A7F1}.Release|Any CPU.Build.0 = Release|Any CPU
	EndGlobalSection
	GlobalSection(SolutionProperties) = preSolution
		HideSolutionNode = FALSE
	EndGlobalSection
	GlobalSection(ExtensibilityGlobals) = postSolution
		SolutionGuid = {90D9842C-9042-4EFB-AD42-A3316E0A75B5}
	EndGlobalSection
EndGlobal
